// !$*UTF8*$!
{
	archiveVersion = 1;
	classes = {
	};
	objectVersion = 56;
	objects = {

/* Begin PBXBuildFile section */
		FF1551EC2BC9EB3D00B2A3D9 /* Trueno-wml2.otf in Resources */ = {isa = PBXBuildFile; fileRef = FF1551EA2BC9EB3D00B2A3D9 /* Trueno-wml2.otf */; };
		FF1551ED2BC9EB3D00B2A3D9 /* TruenoBlack-mBYV.otf in Resources */ = {isa = PBXBuildFile; fileRef = FF1551EB2BC9EB3D00B2A3D9 /* TruenoBlack-mBYV.otf */; };
		FF4461802BC9AA65006491AE /* Color+Extension.swift in Sources */ = {isa = PBXBuildFile; fileRef = FF44617F2BC9AA65006491AE /* Color+Extension.swift */; };
		FF877B912BDC9622003A8304 /* SignupView.swift in Sources */ = {isa = PBXBuildFile; fileRef = FF877B902BDC9622003A8304 /* SignupView.swift */; };
		FF94C23B2BC7418A001B1881 /* DiscoverMusicView.swift in Sources */ = {isa = PBXBuildFile; fileRef = FF94C23A2BC7418A001B1881 /* DiscoverMusicView.swift */; };
		FF94C23D2BC7427E001B1881 /* AccountView.swift in Sources */ = {isa = PBXBuildFile; fileRef = FF94C23C2BC7427E001B1881 /* AccountView.swift */; };
		FF94C2422BC7540B001B1881 /* LoginPage.swift in Sources */ = {isa = PBXBuildFile; fileRef = FF94C2412BC7540B001B1881 /* LoginPage.swift */; };
		FF94C2442BC755C6001B1881 /* AuthViewModel.swift in Sources */ = {isa = PBXBuildFile; fileRef = FF94C2432BC755C6001B1881 /* AuthViewModel.swift */; };
		FF94C2462BC75733001B1881 /* GoogleService-Info.plist in Resources */ = {isa = PBXBuildFile; fileRef = FF94C2452BC75733001B1881 /* GoogleService-Info.plist */; };
		FF94C2492BC757CB001B1881 /* FirebaseAnalytics in Frameworks */ = {isa = PBXBuildFile; productRef = FF94C2482BC757CB001B1881 /* FirebaseAnalytics */; };
		FF94C24B2BC757CB001B1881 /* FirebaseAppCheck in Frameworks */ = {isa = PBXBuildFile; productRef = FF94C24A2BC757CB001B1881 /* FirebaseAppCheck */; };
		FF94C24D2BC757CB001B1881 /* FirebaseAuth in Frameworks */ = {isa = PBXBuildFile; productRef = FF94C24C2BC757CB001B1881 /* FirebaseAuth */; };
		FF94C24F2BC757CB001B1881 /* FirebaseCrashlytics in Frameworks */ = {isa = PBXBuildFile; productRef = FF94C24E2BC757CB001B1881 /* FirebaseCrashlytics */; };
		FFFD5F6D2BBF454900609018 /* CratedigApp.swift in Sources */ = {isa = PBXBuildFile; fileRef = FFFD5F6C2BBF454900609018 /* CratedigApp.swift */; };
		FFFD5F6F2BBF454900609018 /* ContentView.swift in Sources */ = {isa = PBXBuildFile; fileRef = FFFD5F6E2BBF454900609018 /* ContentView.swift */; };
		FFFD5F712BBF454C00609018 /* Assets.xcassets in Resources */ = {isa = PBXBuildFile; fileRef = FFFD5F702BBF454C00609018 /* Assets.xcassets */; };
		FFFD5F742BBF454C00609018 /* Preview Assets.xcassets in Resources */ = {isa = PBXBuildFile; fileRef = FFFD5F732BBF454C00609018 /* Preview Assets.xcassets */; };
		FFFD5F7E2BBF454C00609018 /* CratedigTests.swift in Sources */ = {isa = PBXBuildFile; fileRef = FFFD5F7D2BBF454C00609018 /* CratedigTests.swift */; };
		FFFD5F882BBF454C00609018 /* CratedigUITests.swift in Sources */ = {isa = PBXBuildFile; fileRef = FFFD5F872BBF454C00609018 /* CratedigUITests.swift */; };
		FFFD5F8A2BBF454C00609018 /* CratedigUITestsLaunchTests.swift in Sources */ = {isa = PBXBuildFile; fileRef = FFFD5F892BBF454C00609018 /* CratedigUITestsLaunchTests.swift */; };
		FFFD5F9A2BBF928600609018 /* SongModel.swift in Sources */ = {isa = PBXBuildFile; fileRef = FFFD5F992BBF928600609018 /* SongModel.swift */; };
		FFFD5F9C2BBF92C700609018 /* SpotifyRecommendations.swift in Sources */ = {isa = PBXBuildFile; fileRef = FFFD5F9B2BBF92C700609018 /* SpotifyRecommendations.swift */; };
/* End PBXBuildFile section */

/* Begin PBXContainerItemProxy section */
		FFFD5F7A2BBF454C00609018 /* PBXContainerItemProxy */ = {
			isa = PBXContainerItemProxy;
			containerPortal = FFFD5F612BBF454900609018 /* Project object */;
			proxyType = 1;
			remoteGlobalIDString = FFFD5F682BBF454900609018;
			remoteInfo = Cratedig;
		};
		FFFD5F842BBF454C00609018 /* PBXContainerItemProxy */ = {
			isa = PBXContainerItemProxy;
			containerPortal = FFFD5F612BBF454900609018 /* Project object */;
			proxyType = 1;
			remoteGlobalIDString = FFFD5F682BBF454900609018;
			remoteInfo = Cratedig;
		};
/* End PBXContainerItemProxy section */

/* Begin PBXFileReference section */
		FF1551EA2BC9EB3D00B2A3D9 /* Trueno-wml2.otf */ = {isa = PBXFileReference; lastKnownFileType = file; path = "Trueno-wml2.otf"; sourceTree = "<group>"; };
		FF1551EB2BC9EB3D00B2A3D9 /* TruenoBlack-mBYV.otf */ = {isa = PBXFileReference; lastKnownFileType = file; path = "TruenoBlack-mBYV.otf"; sourceTree = "<group>"; };
		FF44617F2BC9AA65006491AE /* Color+Extension.swift */ = {isa = PBXFileReference; lastKnownFileType = sourcecode.swift; path = "Color+Extension.swift"; sourceTree = "<group>"; };
		FF877B902BDC9622003A8304 /* SignupView.swift */ = {isa = PBXFileReference; lastKnownFileType = sourcecode.swift; path = SignupView.swift; sourceTree = "<group>"; };
		FF94C23A2BC7418A001B1881 /* DiscoverMusicView.swift */ = {isa = PBXFileReference; lastKnownFileType = sourcecode.swift; path = DiscoverMusicView.swift; sourceTree = "<group>"; };
		FF94C23C2BC7427E001B1881 /* AccountView.swift */ = {isa = PBXFileReference; lastKnownFileType = sourcecode.swift; path = AccountView.swift; sourceTree = "<group>"; };
		FF94C2412BC7540B001B1881 /* LoginPage.swift */ = {isa = PBXFileReference; lastKnownFileType = sourcecode.swift; path = LoginPage.swift; sourceTree = "<group>"; };
		FF94C2432BC755C6001B1881 /* AuthViewModel.swift */ = {isa = PBXFileReference; lastKnownFileType = sourcecode.swift; path = AuthViewModel.swift; sourceTree = "<group>"; };
		FF94C2452BC75733001B1881 /* GoogleService-Info.plist */ = {isa = PBXFileReference; fileEncoding = 4; lastKnownFileType = text.plist.xml; path = "GoogleService-Info.plist"; sourceTree = "<group>"; };
		FFFD5F692BBF454900609018 /* Cratedig.app */ = {isa = PBXFileReference; explicitFileType = wrapper.application; includeInIndex = 0; path = Cratedig.app; sourceTree = BUILT_PRODUCTS_DIR; };
		FFFD5F6C2BBF454900609018 /* CratedigApp.swift */ = {isa = PBXFileReference; lastKnownFileType = sourcecode.swift; path = CratedigApp.swift; sourceTree = "<group>"; };
		FFFD5F6E2BBF454900609018 /* ContentView.swift */ = {isa = PBXFileReference; lastKnownFileType = sourcecode.swift; path = ContentView.swift; sourceTree = "<group>"; };
		FFFD5F702BBF454C00609018 /* Assets.xcassets */ = {isa = PBXFileReference; lastKnownFileType = folder.assetcatalog; path = Assets.xcassets; sourceTree = "<group>"; };
		FFFD5F732BBF454C00609018 /* Preview Assets.xcassets */ = {isa = PBXFileReference; lastKnownFileType = folder.assetcatalog; path = "Preview Assets.xcassets"; sourceTree = "<group>"; };
		FFFD5F792BBF454C00609018 /* CratedigTests.xctest */ = {isa = PBXFileReference; explicitFileType = wrapper.cfbundle; includeInIndex = 0; path = CratedigTests.xctest; sourceTree = BUILT_PRODUCTS_DIR; };
		FFFD5F7D2BBF454C00609018 /* CratedigTests.swift */ = {isa = PBXFileReference; lastKnownFileType = sourcecode.swift; path = CratedigTests.swift; sourceTree = "<group>"; };
		FFFD5F832BBF454C00609018 /* CratedigUITests.xctest */ = {isa = PBXFileReference; explicitFileType = wrapper.cfbundle; includeInIndex = 0; path = CratedigUITests.xctest; sourceTree = BUILT_PRODUCTS_DIR; };
		FFFD5F872BBF454C00609018 /* CratedigUITests.swift */ = {isa = PBXFileReference; lastKnownFileType = sourcecode.swift; path = CratedigUITests.swift; sourceTree = "<group>"; };
		FFFD5F892BBF454C00609018 /* CratedigUITestsLaunchTests.swift */ = {isa = PBXFileReference; lastKnownFileType = sourcecode.swift; path = CratedigUITestsLaunchTests.swift; sourceTree = "<group>"; };
		FFFD5F992BBF928600609018 /* SongModel.swift */ = {isa = PBXFileReference; lastKnownFileType = sourcecode.swift; path = SongModel.swift; sourceTree = "<group>"; };
		FFFD5F9B2BBF92C700609018 /* SpotifyRecommendations.swift */ = {isa = PBXFileReference; lastKnownFileType = sourcecode.swift; path = SpotifyRecommendations.swift; sourceTree = "<group>"; };
		FFFD5FA12BBF9A8300609018 /* Info.plist */ = {isa = PBXFileReference; lastKnownFileType = text.plist; path = Info.plist; sourceTree = "<group>"; };
/* End PBXFileReference section */

/* Begin PBXFrameworksBuildPhase section */
		FFFD5F662BBF454900609018 /* Frameworks */ = {
			isa = PBXFrameworksBuildPhase;
			buildActionMask = 2147483647;
			files = (
				FF94C24B2BC757CB001B1881 /* FirebaseAppCheck in Frameworks */,
				FF94C24F2BC757CB001B1881 /* FirebaseCrashlytics in Frameworks */,
				FF94C24D2BC757CB001B1881 /* FirebaseAuth in Frameworks */,
				FF94C2492BC757CB001B1881 /* FirebaseAnalytics in Frameworks */,
			);
			runOnlyForDeploymentPostprocessing = 0;
		};
		FFFD5F762BBF454C00609018 /* Frameworks */ = {
			isa = PBXFrameworksBuildPhase;
			buildActionMask = 2147483647;
			files = (
			);
			runOnlyForDeploymentPostprocessing = 0;
		};
		FFFD5F802BBF454C00609018 /* Frameworks */ = {
			isa = PBXFrameworksBuildPhase;
			buildActionMask = 2147483647;
			files = (
			);
			runOnlyForDeploymentPostprocessing = 0;
		};
/* End PBXFrameworksBuildPhase section */

/* Begin PBXGroup section */
		FF1551E12BC9E4AC00B2A3D9 /* Fonts */ = {
			isa = PBXGroup;
			children = (
				FF1551EA2BC9EB3D00B2A3D9 /* Trueno-wml2.otf */,
				FF1551EB2BC9EB3D00B2A3D9 /* TruenoBlack-mBYV.otf */,
			);
			path = Fonts;
			sourceTree = "<group>";
		};
		FF44617E2BC9AA36006491AE /* Extensions */ = {
			isa = PBXGroup;
			children = (
				FF44617F2BC9AA65006491AE /* Color+Extension.swift */,
			);
			path = Extensions;
			sourceTree = "<group>";
		};
		FF877B8E2BDC95E1003A8304 /* Account View */ = {
			isa = PBXGroup;
			children = (
				FF877B8F2BDC9609003A8304 /* Onboarding */,
			);
			path = "Account View";
			sourceTree = "<group>";
		};
		FF877B8F2BDC9609003A8304 /* Onboarding */ = {
			isa = PBXGroup;
			children = (
				FF94C2412BC7540B001B1881 /* LoginPage.swift */,
				FF877B902BDC9622003A8304 /* SignupView.swift */,
			);
			path = Onboarding;
			sourceTree = "<group>";
		};
		FFFD5F602BBF454900609018 = {
			isa = PBXGroup;
			children = (
				FFFD5F6B2BBF454900609018 /* Cratedig */,
				FFFD5F7C2BBF454C00609018 /* CratedigTests */,
				FFFD5F862BBF454C00609018 /* CratedigUITests */,
				FFFD5F6A2BBF454900609018 /* Products */,
			);
			sourceTree = "<group>";
		};
		FFFD5F6A2BBF454900609018 /* Products */ = {
			isa = PBXGroup;
			children = (
				FFFD5F692BBF454900609018 /* Cratedig.app */,
				FFFD5F792BBF454C00609018 /* CratedigTests.xctest */,
				FFFD5F832BBF454C00609018 /* CratedigUITests.xctest */,
			);
			name = Products;
			sourceTree = "<group>";
		};
		FFFD5F6B2BBF454900609018 /* Cratedig */ = {
			isa = PBXGroup;
			children = (
				FF1551E12BC9E4AC00B2A3D9 /* Fonts */,
				FF44617E2BC9AA36006491AE /* Extensions */,
				FF94C2452BC75733001B1881 /* GoogleService-Info.plist */,
				FFFD5FA12BBF9A8300609018 /* Info.plist */,
				FFFD5F6C2BBF454900609018 /* CratedigApp.swift */,
				FFFD5F962BBF46C800609018 /* Model */,
				FFFD5F972BBF46D000609018 /* ViewModel */,
				FFFD5F982BBF46DE00609018 /* Views */,
				FFFD5F702BBF454C00609018 /* Assets.xcassets */,
				FFFD5F722BBF454C00609018 /* Preview Content */,
			);
			path = Cratedig;
			sourceTree = "<group>";
		};
		FFFD5F722BBF454C00609018 /* Preview Content */ = {
			isa = PBXGroup;
			children = (
				FFFD5F732BBF454C00609018 /* Preview Assets.xcassets */,
			);
			path = "Preview Content";
			sourceTree = "<group>";
		};
		FFFD5F7C2BBF454C00609018 /* CratedigTests */ = {
			isa = PBXGroup;
			children = (
				FFFD5F7D2BBF454C00609018 /* CratedigTests.swift */,
			);
			path = CratedigTests;
			sourceTree = "<group>";
		};
		FFFD5F862BBF454C00609018 /* CratedigUITests */ = {
			isa = PBXGroup;
			children = (
				FFFD5F872BBF454C00609018 /* CratedigUITests.swift */,
				FFFD5F892BBF454C00609018 /* CratedigUITestsLaunchTests.swift */,
			);
			path = CratedigUITests;
			sourceTree = "<group>";
		};
		FFFD5F962BBF46C800609018 /* Model */ = {
			isa = PBXGroup;
			children = (
				FFFD5F992BBF928600609018 /* SongModel.swift */,
			);
			path = Model;
			sourceTree = "<group>";
		};
		FFFD5F972BBF46D000609018 /* ViewModel */ = {
			isa = PBXGroup;
			children = (
				FFFD5F9D2BBF944600609018 /* Account */,
				FFFD5F9B2BBF92C700609018 /* SpotifyRecommendations.swift */,
			);
			path = ViewModel;
			sourceTree = "<group>";
		};
		FFFD5F982BBF46DE00609018 /* Views */ = {
			isa = PBXGroup;
			children = (
				FF877B8E2BDC95E1003A8304 /* Account View */,
				FFFD5F6E2BBF454900609018 /* ContentView.swift */,
				FF94C23A2BC7418A001B1881 /* DiscoverMusicView.swift */,
				FF94C23C2BC7427E001B1881 /* AccountView.swift */,
			);
			path = Views;
			sourceTree = "<group>";
		};
		FFFD5F9D2BBF944600609018 /* Account */ = {
			isa = PBXGroup;
			children = (
				FF94C2432BC755C6001B1881 /* AuthViewModel.swift */,
			);
			path = Account;
			sourceTree = "<group>";
		};
/* End PBXGroup section */

/* Begin PBXNativeTarget section */
		FFFD5F682BBF454900609018 /* Cratedig */ = {
			isa = PBXNativeTarget;
			buildConfigurationList = FFFD5F8D2BBF454C00609018 /* Build configuration list for PBXNativeTarget "Cratedig" */;
			buildPhases = (
				FFFD5F652BBF454900609018 /* Sources */,
				FFFD5F662BBF454900609018 /* Frameworks */,
				FFFD5F672BBF454900609018 /* Resources */,
			);
			buildRules = (
			);
			dependencies = (
			);
			name = Cratedig;
			packageProductDependencies = (
				FF94C2482BC757CB001B1881 /* FirebaseAnalytics */,
				FF94C24A2BC757CB001B1881 /* FirebaseAppCheck */,
				FF94C24C2BC757CB001B1881 /* FirebaseAuth */,
				FF94C24E2BC757CB001B1881 /* FirebaseCrashlytics */,
			);
			productName = Cratedig;
			productReference = FFFD5F692BBF454900609018 /* Cratedig.app */;
			productType = "com.apple.product-type.application";
		};
		FFFD5F782BBF454C00609018 /* CratedigTests */ = {
			isa = PBXNativeTarget;
			buildConfigurationList = FFFD5F902BBF454C00609018 /* Build configuration list for PBXNativeTarget "CratedigTests" */;
			buildPhases = (
				FFFD5F752BBF454C00609018 /* Sources */,
				FFFD5F762BBF454C00609018 /* Frameworks */,
				FFFD5F772BBF454C00609018 /* Resources */,
			);
			buildRules = (
			);
			dependencies = (
				FFFD5F7B2BBF454C00609018 /* PBXTargetDependency */,
			);
			name = CratedigTests;
			productName = CratedigTests;
			productReference = FFFD5F792BBF454C00609018 /* CratedigTests.xctest */;
			productType = "com.apple.product-type.bundle.unit-test";
		};
		FFFD5F822BBF454C00609018 /* CratedigUITests */ = {
			isa = PBXNativeTarget;
			buildConfigurationList = FFFD5F932BBF454C00609018 /* Build configuration list for PBXNativeTarget "CratedigUITests" */;
			buildPhases = (
				FFFD5F7F2BBF454C00609018 /* Sources */,
				FFFD5F802BBF454C00609018 /* Frameworks */,
				FFFD5F812BBF454C00609018 /* Resources */,
			);
			buildRules = (
			);
			dependencies = (
				FFFD5F852BBF454C00609018 /* PBXTargetDependency */,
			);
			name = CratedigUITests;
			productName = CratedigUITests;
			productReference = FFFD5F832BBF454C00609018 /* CratedigUITests.xctest */;
			productType = "com.apple.product-type.bundle.ui-testing";
		};
/* End PBXNativeTarget section */

/* Begin PBXProject section */
		FFFD5F612BBF454900609018 /* Project object */ = {
			isa = PBXProject;
			attributes = {
				BuildIndependentTargetsInParallel = 1;
				LastSwiftUpdateCheck = 1530;
				LastUpgradeCheck = 1530;
				TargetAttributes = {
					FFFD5F682BBF454900609018 = {
						CreatedOnToolsVersion = 15.3;
					};
					FFFD5F782BBF454C00609018 = {
						CreatedOnToolsVersion = 15.3;
						TestTargetID = FFFD5F682BBF454900609018;
					};
					FFFD5F822BBF454C00609018 = {
						CreatedOnToolsVersion = 15.3;
						TestTargetID = FFFD5F682BBF454900609018;
					};
				};
			};
			buildConfigurationList = FFFD5F642BBF454900609018 /* Build configuration list for PBXProject "Cratedig" */;
			compatibilityVersion = "Xcode 14.0";
			developmentRegion = en;
			hasScannedForEncodings = 0;
			knownRegions = (
				en,
				Base,
			);
			mainGroup = FFFD5F602BBF454900609018;
			packageReferences = (
				FF94C2472BC757CB001B1881 /* XCRemoteSwiftPackageReference "firebase-ios-sdk" */,
			);
			productRefGroup = FFFD5F6A2BBF454900609018 /* Products */;
			projectDirPath = "";
			projectRoot = "";
			targets = (
				FFFD5F682BBF454900609018 /* Cratedig */,
				FFFD5F782BBF454C00609018 /* CratedigTests */,
				FFFD5F822BBF454C00609018 /* CratedigUITests */,
			);
		};
/* End PBXProject section */

/* Begin PBXResourcesBuildPhase section */
		FFFD5F672BBF454900609018 /* Resources */ = {
			isa = PBXResourcesBuildPhase;
			buildActionMask = 2147483647;
			files = (
				FFFD5F742BBF454C00609018 /* Preview Assets.xcassets in Resources */,
				FFFD5F712BBF454C00609018 /* Assets.xcassets in Resources */,
				FF1551ED2BC9EB3D00B2A3D9 /* TruenoBlack-mBYV.otf in Resources */,
				FF1551EC2BC9EB3D00B2A3D9 /* Trueno-wml2.otf in Resources */,
				FF94C2462BC75733001B1881 /* GoogleService-Info.plist in Resources */,
			);
			runOnlyForDeploymentPostprocessing = 0;
		};
		FFFD5F772BBF454C00609018 /* Resources */ = {
			isa = PBXResourcesBuildPhase;
			buildActionMask = 2147483647;
			files = (
			);
			runOnlyForDeploymentPostprocessing = 0;
		};
		FFFD5F812BBF454C00609018 /* Resources */ = {
			isa = PBXResourcesBuildPhase;
			buildActionMask = 2147483647;
			files = (
			);
			runOnlyForDeploymentPostprocessing = 0;
		};
/* End PBXResourcesBuildPhase section */

/* Begin PBXSourcesBuildPhase section */
		FFFD5F652BBF454900609018 /* Sources */ = {
			isa = PBXSourcesBuildPhase;
			buildActionMask = 2147483647;
			files = (
				FF94C23D2BC7427E001B1881 /* AccountView.swift in Sources */,
				FF4461802BC9AA65006491AE /* Color+Extension.swift in Sources */,
				FFFD5F9A2BBF928600609018 /* SongModel.swift in Sources */,
				FFFD5F9C2BBF92C700609018 /* SpotifyRecommendations.swift in Sources */,
				FF877B912BDC9622003A8304 /* SignupView.swift in Sources */,
				FFFD5F6F2BBF454900609018 /* ContentView.swift in Sources */,
				FF94C2442BC755C6001B1881 /* AuthViewModel.swift in Sources */,
				FF94C2422BC7540B001B1881 /* LoginPage.swift in Sources */,
				FF94C23B2BC7418A001B1881 /* DiscoverMusicView.swift in Sources */,
				FFFD5F6D2BBF454900609018 /* CratedigApp.swift in Sources */,
			);
			runOnlyForDeploymentPostprocessing = 0;
		};
		FFFD5F752BBF454C00609018 /* Sources */ = {
			isa = PBXSourcesBuildPhase;
			buildActionMask = 2147483647;
			files = (
				FFFD5F7E2BBF454C00609018 /* CratedigTests.swift in Sources */,
			);
			runOnlyForDeploymentPostprocessing = 0;
		};
		FFFD5F7F2BBF454C00609018 /* Sources */ = {
			isa = PBXSourcesBuildPhase;
			buildActionMask = 2147483647;
			files = (
				FFFD5F8A2BBF454C00609018 /* CratedigUITestsLaunchTests.swift in Sources */,
				FFFD5F882BBF454C00609018 /* CratedigUITests.swift in Sources */,
			);
			runOnlyForDeploymentPostprocessing = 0;
		};
/* End PBXSourcesBuildPhase section */

/* Begin PBXTargetDependency section */
		FFFD5F7B2BBF454C00609018 /* PBXTargetDependency */ = {
			isa = PBXTargetDependency;
			target = FFFD5F682BBF454900609018 /* Cratedig */;
			targetProxy = FFFD5F7A2BBF454C00609018 /* PBXContainerItemProxy */;
		};
		FFFD5F852BBF454C00609018 /* PBXTargetDependency */ = {
			isa = PBXTargetDependency;
			target = FFFD5F682BBF454900609018 /* Cratedig */;
			targetProxy = FFFD5F842BBF454C00609018 /* PBXContainerItemProxy */;
		};
/* End PBXTargetDependency section */

/* Begin XCBuildConfiguration section */
		FFFD5F8B2BBF454C00609018 /* Debug */ = {
			isa = XCBuildConfiguration;
			buildSettings = {
				ALWAYS_SEARCH_USER_PATHS = NO;
				ASSETCATALOG_COMPILER_GENERATE_SWIFT_ASSET_SYMBOL_EXTENSIONS = YES;
				CLANG_ANALYZER_NONNULL = YES;
				CLANG_ANALYZER_NUMBER_OBJECT_CONVERSION = YES_AGGRESSIVE;
				CLANG_CXX_LANGUAGE_STANDARD = "gnu++20";
				CLANG_ENABLE_MODULES = YES;
				CLANG_ENABLE_OBJC_ARC = YES;
				CLANG_ENABLE_OBJC_WEAK = YES;
				CLANG_WARN_BLOCK_CAPTURE_AUTORELEASING = YES;
				CLANG_WARN_BOOL_CONVERSION = YES;
				CLANG_WARN_COMMA = YES;
				CLANG_WARN_CONSTANT_CONVERSION = YES;
				CLANG_WARN_DEPRECATED_OBJC_IMPLEMENTATIONS = YES;
				CLANG_WARN_DIRECT_OBJC_ISA_USAGE = YES_ERROR;
				CLANG_WARN_DOCUMENTATION_COMMENTS = YES;
				CLANG_WARN_EMPTY_BODY = YES;
				CLANG_WARN_ENUM_CONVERSION = YES;
				CLANG_WARN_INFINITE_RECURSION = YES;
				CLANG_WARN_INT_CONVERSION = YES;
				CLANG_WARN_NON_LITERAL_NULL_CONVERSION = YES;
				CLANG_WARN_OBJC_IMPLICIT_RETAIN_SELF = YES;
				CLANG_WARN_OBJC_LITERAL_CONVERSION = YES;
				CLANG_WARN_OBJC_ROOT_CLASS = YES_ERROR;
				CLANG_WARN_QUOTED_INCLUDE_IN_FRAMEWORK_HEADER = YES;
				CLANG_WARN_RANGE_LOOP_ANALYSIS = YES;
				CLANG_WARN_STRICT_PROTOTYPES = YES;
				CLANG_WARN_SUSPICIOUS_MOVE = YES;
				CLANG_WARN_UNGUARDED_AVAILABILITY = YES_AGGRESSIVE;
				CLANG_WARN_UNREACHABLE_CODE = YES;
				CLANG_WARN__DUPLICATE_METHOD_MATCH = YES;
				COPY_PHASE_STRIP = NO;
				DEBUG_INFORMATION_FORMAT = dwarf;
				ENABLE_STRICT_OBJC_MSGSEND = YES;
				ENABLE_TESTABILITY = YES;
				ENABLE_USER_SCRIPT_SANDBOXING = YES;
				GCC_C_LANGUAGE_STANDARD = gnu17;
				GCC_DYNAMIC_NO_PIC = NO;
				GCC_NO_COMMON_BLOCKS = YES;
				GCC_OPTIMIZATION_LEVEL = 0;
				GCC_PREPROCESSOR_DEFINITIONS = (
					"DEBUG=1",
					"$(inherited)",
				);
				GCC_WARN_64_TO_32_BIT_CONVERSION = YES;
				GCC_WARN_ABOUT_RETURN_TYPE = YES_ERROR;
				GCC_WARN_UNDECLARED_SELECTOR = YES;
				GCC_WARN_UNINITIALIZED_AUTOS = YES_AGGRESSIVE;
				GCC_WARN_UNUSED_FUNCTION = YES;
				GCC_WARN_UNUSED_VARIABLE = YES;
				IPHONEOS_DEPLOYMENT_TARGET = 17.0;
				LOCALIZATION_PREFERS_STRING_CATALOGS = YES;
				MTL_ENABLE_DEBUG_INFO = INCLUDE_SOURCE;
				MTL_FAST_MATH = YES;
				ONLY_ACTIVE_ARCH = YES;
				SDKROOT = iphoneos;
				SWIFT_ACTIVE_COMPILATION_CONDITIONS = "DEBUG $(inherited)";
				SWIFT_OPTIMIZATION_LEVEL = "-Onone";
			};
			name = Debug;
		};
		FFFD5F8C2BBF454C00609018 /* Release */ = {
			isa = XCBuildConfiguration;
			buildSettings = {
				ALWAYS_SEARCH_USER_PATHS = NO;
				ASSETCATALOG_COMPILER_GENERATE_SWIFT_ASSET_SYMBOL_EXTENSIONS = YES;
				CLANG_ANALYZER_NONNULL = YES;
				CLANG_ANALYZER_NUMBER_OBJECT_CONVERSION = YES_AGGRESSIVE;
				CLANG_CXX_LANGUAGE_STANDARD = "gnu++20";
				CLANG_ENABLE_MODULES = YES;
				CLANG_ENABLE_OBJC_ARC = YES;
				CLANG_ENABLE_OBJC_WEAK = YES;
				CLANG_WARN_BLOCK_CAPTURE_AUTORELEASING = YES;
				CLANG_WARN_BOOL_CONVERSION = YES;
				CLANG_WARN_COMMA = YES;
				CLANG_WARN_CONSTANT_CONVERSION = YES;
				CLANG_WARN_DEPRECATED_OBJC_IMPLEMENTATIONS = YES;
				CLANG_WARN_DIRECT_OBJC_ISA_USAGE = YES_ERROR;
				CLANG_WARN_DOCUMENTATION_COMMENTS = YES;
				CLANG_WARN_EMPTY_BODY = YES;
				CLANG_WARN_ENUM_CONVERSION = YES;
				CLANG_WARN_INFINITE_RECURSION = YES;
				CLANG_WARN_INT_CONVERSION = YES;
				CLANG_WARN_NON_LITERAL_NULL_CONVERSION = YES;
				CLANG_WARN_OBJC_IMPLICIT_RETAIN_SELF = YES;
				CLANG_WARN_OBJC_LITERAL_CONVERSION = YES;
				CLANG_WARN_OBJC_ROOT_CLASS = YES_ERROR;
				CLANG_WARN_QUOTED_INCLUDE_IN_FRAMEWORK_HEADER = YES;
				CLANG_WARN_RANGE_LOOP_ANALYSIS = YES;
				CLANG_WARN_STRICT_PROTOTYPES = YES;
				CLANG_WARN_SUSPICIOUS_MOVE = YES;
				CLANG_WARN_UNGUARDED_AVAILABILITY = YES_AGGRESSIVE;
				CLANG_WARN_UNREACHABLE_CODE = YES;
				CLANG_WARN__DUPLICATE_METHOD_MATCH = YES;
				COPY_PHASE_STRIP = NO;
				DEBUG_INFORMATION_FORMAT = "dwarf-with-dsym";
				ENABLE_NS_ASSERTIONS = NO;
				ENABLE_STRICT_OBJC_MSGSEND = YES;
				ENABLE_USER_SCRIPT_SANDBOXING = YES;
				GCC_C_LANGUAGE_STANDARD = gnu17;
				GCC_NO_COMMON_BLOCKS = YES;
				GCC_WARN_64_TO_32_BIT_CONVERSION = YES;
				GCC_WARN_ABOUT_RETURN_TYPE = YES_ERROR;
				GCC_WARN_UNDECLARED_SELECTOR = YES;
				GCC_WARN_UNINITIALIZED_AUTOS = YES_AGGRESSIVE;
				GCC_WARN_UNUSED_FUNCTION = YES;
				GCC_WARN_UNUSED_VARIABLE = YES;
				IPHONEOS_DEPLOYMENT_TARGET = 17.0;
				LOCALIZATION_PREFERS_STRING_CATALOGS = YES;
				MTL_ENABLE_DEBUG_INFO = NO;
				MTL_FAST_MATH = YES;
				SDKROOT = iphoneos;
				SWIFT_COMPILATION_MODE = wholemodule;
				VALIDATE_PRODUCT = YES;
			};
			name = Release;
		};
		FFFD5F8E2BBF454C00609018 /* Debug */ = {
			isa = XCBuildConfiguration;
			buildSettings = {
				ASSETCATALOG_COMPILER_APPICON_NAME = AppIcon;
				ASSETCATALOG_COMPILER_GLOBAL_ACCENT_COLOR_NAME = AccentColor;
				CODE_SIGN_STYLE = Automatic;
				CURRENT_PROJECT_VERSION = 1;
				DEVELOPMENT_ASSET_PATHS = "\"Cratedig/Preview Content\"";
				DEVELOPMENT_TEAM = JCL982F3T2;
				ENABLE_PREVIEWS = YES;
				GENERATE_INFOPLIST_FILE = YES;
				INFOPLIST_FILE = Cratedig/Info.plist;
				INFOPLIST_KEY_CFBundleDisplayName = Cratedig;
				INFOPLIST_KEY_LSApplicationCategoryType = "public.app-category.music";
				INFOPLIST_KEY_UIApplicationSceneManifest_Generation = YES;
				INFOPLIST_KEY_UIApplicationSupportsIndirectInputEvents = YES;
				INFOPLIST_KEY_UILaunchScreen_Generation = YES;
				INFOPLIST_KEY_UISupportedInterfaceOrientations = "UIInterfaceOrientationLandscapeLeft UIInterfaceOrientationLandscapeRight UIInterfaceOrientationPortrait";
				IPHONEOS_DEPLOYMENT_TARGET = 17.0;
				LD_RUNPATH_SEARCH_PATHS = (
					"$(inherited)",
					"@executable_path/Frameworks",
				);
				MARKETING_VERSION = 1.0;
				PRODUCT_BUNDLE_IDENTIFIER = com.nobosoftware.Cratedig;
				PRODUCT_NAME = "$(TARGET_NAME)";
				SUPPORTED_PLATFORMS = "iphoneos iphonesimulator";
				SUPPORTS_MACCATALYST = NO;
				SUPPORTS_MAC_DESIGNED_FOR_IPHONE_IPAD = NO;
				SUPPORTS_XR_DESIGNED_FOR_IPHONE_IPAD = NO;
				SWIFT_EMIT_LOC_STRINGS = YES;
				SWIFT_VERSION = 5.0;
				TARGETED_DEVICE_FAMILY = "1,2";
			};
			name = Debug;
		};
		FFFD5F8F2BBF454C00609018 /* Release */ = {
			isa = XCBuildConfiguration;
			buildSettings = {
				ASSETCATALOG_COMPILER_APPICON_NAME = AppIcon;
				ASSETCATALOG_COMPILER_GLOBAL_ACCENT_COLOR_NAME = AccentColor;
				CODE_SIGN_STYLE = Automatic;
				CURRENT_PROJECT_VERSION = 1;
				DEVELOPMENT_ASSET_PATHS = "\"Cratedig/Preview Content\"";
				DEVELOPMENT_TEAM = JCL982F3T2;
				ENABLE_PREVIEWS = YES;
				GENERATE_INFOPLIST_FILE = YES;
				INFOPLIST_FILE = Cratedig/Info.plist;
				INFOPLIST_KEY_CFBundleDisplayName = Cratedig;
				INFOPLIST_KEY_LSApplicationCategoryType = "public.app-category.music";
				INFOPLIST_KEY_UIApplicationSceneManifest_Generation = YES;
				INFOPLIST_KEY_UIApplicationSupportsIndirectInputEvents = YES;
				INFOPLIST_KEY_UILaunchScreen_Generation = YES;
				INFOPLIST_KEY_UISupportedInterfaceOrientations = "UIInterfaceOrientationLandscapeLeft UIInterfaceOrientationLandscapeRight UIInterfaceOrientationPortrait";
				IPHONEOS_DEPLOYMENT_TARGET = 17.0;
				LD_RUNPATH_SEARCH_PATHS = (
					"$(inherited)",
					"@executable_path/Frameworks",
				);
				MARKETING_VERSION = 1.0;
				PRODUCT_BUNDLE_IDENTIFIER = com.nobosoftware.Cratedig;
				PRODUCT_NAME = "$(TARGET_NAME)";
				SUPPORTED_PLATFORMS = "iphoneos iphonesimulator";
				SUPPORTS_MACCATALYST = NO;
				SUPPORTS_MAC_DESIGNED_FOR_IPHONE_IPAD = NO;
				SUPPORTS_XR_DESIGNED_FOR_IPHONE_IPAD = NO;
				SWIFT_EMIT_LOC_STRINGS = YES;
				SWIFT_VERSION = 5.0;
				TARGETED_DEVICE_FAMILY = "1,2";
			};
			name = Release;
		};
		FFFD5F912BBF454C00609018 /* Debug */ = {
			isa = XCBuildConfiguration;
			buildSettings = {
				ALWAYS_EMBED_SWIFT_STANDARD_LIBRARIES = YES;
				BUNDLE_LOADER = "$(TEST_HOST)";
				CODE_SIGN_STYLE = Automatic;
				CURRENT_PROJECT_VERSION = 1;
				DEVELOPMENT_TEAM = JCL982F3T2;
				GENERATE_INFOPLIST_FILE = YES;
				IPHONEOS_DEPLOYMENT_TARGET = 17.4;
				MARKETING_VERSION = 1.0;
				PRODUCT_BUNDLE_IDENTIFIER = com.nobosoftware.CratedigTests;
				PRODUCT_NAME = "$(TARGET_NAME)";
				SWIFT_EMIT_LOC_STRINGS = NO;
				SWIFT_VERSION = 5.0;
				TARGETED_DEVICE_FAMILY = "1,2";
				TEST_HOST = "$(BUILT_PRODUCTS_DIR)/Cratedig.app/$(BUNDLE_EXECUTABLE_FOLDER_PATH)/Cratedig";
			};
			name = Debug;
		};
		FFFD5F922BBF454C00609018 /* Release */ = {
			isa = XCBuildConfiguration;
			buildSettings = {
				ALWAYS_EMBED_SWIFT_STANDARD_LIBRARIES = YES;
				BUNDLE_LOADER = "$(TEST_HOST)";
				CODE_SIGN_STYLE = Automatic;
				CURRENT_PROJECT_VERSION = 1;
				DEVELOPMENT_TEAM = JCL982F3T2;
				GENERATE_INFOPLIST_FILE = YES;
				IPHONEOS_DEPLOYMENT_TARGET = 17.4;
				MARKETING_VERSION = 1.0;
				PRODUCT_BUNDLE_IDENTIFIER = com.nobosoftware.CratedigTests;
				PRODUCT_NAME = "$(TARGET_NAME)";
				SWIFT_EMIT_LOC_STRINGS = NO;
				SWIFT_VERSION = 5.0;
				TARGETED_DEVICE_FAMILY = "1,2";
				TEST_HOST = "$(BUILT_PRODUCTS_DIR)/Cratedig.app/$(BUNDLE_EXECUTABLE_FOLDER_PATH)/Cratedig";
			};
			name = Release;
		};
		FFFD5F942BBF454C00609018 /* Debug */ = {
			isa = XCBuildConfiguration;
			buildSettings = {
				ALWAYS_EMBED_SWIFT_STANDARD_LIBRARIES = YES;
				CODE_SIGN_STYLE = Automatic;
				CURRENT_PROJECT_VERSION = 1;
				DEVELOPMENT_TEAM = JCL982F3T2;
				GENERATE_INFOPLIST_FILE = YES;
				MARKETING_VERSION = 1.0;
				PRODUCT_BUNDLE_IDENTIFIER = com.nobosoftware.CratedigUITests;
				PRODUCT_NAME = "$(TARGET_NAME)";
				SWIFT_EMIT_LOC_STRINGS = NO;
				SWIFT_VERSION = 5.0;
				TARGETED_DEVICE_FAMILY = "1,2";
				TEST_TARGET_NAME = Cratedig;
			};
			name = Debug;
		};
		FFFD5F952BBF454C00609018 /* Release */ = {
			isa = XCBuildConfiguration;
			buildSettings = {
				ALWAYS_EMBED_SWIFT_STANDARD_LIBRARIES = YES;
				CODE_SIGN_STYLE = Automatic;
				CURRENT_PROJECT_VERSION = 1;
				DEVELOPMENT_TEAM = JCL982F3T2;
				GENERATE_INFOPLIST_FILE = YES;
				MARKETING_VERSION = 1.0;
				PRODUCT_BUNDLE_IDENTIFIER = com.nobosoftware.CratedigUITests;
				PRODUCT_NAME = "$(TARGET_NAME)";
				SWIFT_EMIT_LOC_STRINGS = NO;
				SWIFT_VERSION = 5.0;
				TARGETED_DEVICE_FAMILY = "1,2";
				TEST_TARGET_NAME = Cratedig;
			};
			name = Release;
		};
/* End XCBuildConfiguration section */

/* Begin XCConfigurationList section */
		FFFD5F642BBF454900609018 /* Build configuration list for PBXProject "Cratedig" */ = {
			isa = XCConfigurationList;
			buildConfigurations = (
				FFFD5F8B2BBF454C00609018 /* Debug */,
				FFFD5F8C2BBF454C00609018 /* Release */,
			);
			defaultConfigurationIsVisible = 0;
			defaultConfigurationName = Release;
		};
		FFFD5F8D2BBF454C00609018 /* Build configuration list for PBXNativeTarget "Cratedig" */ = {
			isa = XCConfigurationList;
			buildConfigurations = (
				FFFD5F8E2BBF454C00609018 /* Debug */,
				FFFD5F8F2BBF454C00609018 /* Release */,
			);
			defaultConfigurationIsVisible = 0;
			defaultConfigurationName = Release;
		};
		FFFD5F902BBF454C00609018 /* Build configuration list for PBXNativeTarget "CratedigTests" */ = {
			isa = XCConfigurationList;
			buildConfigurations = (
				FFFD5F912BBF454C00609018 /* Debug */,
				FFFD5F922BBF454C00609018 /* Release */,
			);
			defaultConfigurationIsVisible = 0;
			defaultConfigurationName = Release;
		};
		FFFD5F932BBF454C00609018 /* Build configuration list for PBXNativeTarget "CratedigUITests" */ = {
			isa = XCConfigurationList;
			buildConfigurations = (
				FFFD5F942BBF454C00609018 /* Debug */,
				FFFD5F952BBF454C00609018 /* Release */,
			);
			defaultConfigurationIsVisible = 0;
			defaultConfigurationName = Release;
		};
/* End XCConfigurationList section */

/* Begin XCRemoteSwiftPackageReference section */
		FF94C2472BC757CB001B1881 /* XCRemoteSwiftPackageReference "firebase-ios-sdk" */ = {
			isa = XCRemoteSwiftPackageReference;
			repositoryURL = "https://github.com/firebase/firebase-ios-sdk";
			requirement = {
				kind = upToNextMajorVersion;
				minimumVersion = 10.24.0;
			};
		};
/* End XCRemoteSwiftPackageReference section */

/* Begin XCSwiftPackageProductDependency section */
		FF94C2482BC757CB001B1881 /* FirebaseAnalytics */ = {
			isa = XCSwiftPackageProductDependency;
			package = FF94C2472BC757CB001B1881 /* XCRemoteSwiftPackageReference "firebase-ios-sdk" */;
			productName = FirebaseAnalytics;
		};
		FF94C24A2BC757CB001B1881 /* FirebaseAppCheck */ = {
			isa = XCSwiftPackageProductDependency;
			package = FF94C2472BC757CB001B1881 /* XCRemoteSwiftPackageReference "firebase-ios-sdk" */;
			productName = FirebaseAppCheck;
		};
		FF94C24C2BC757CB001B1881 /* FirebaseAuth */ = {
			isa = XCSwiftPackageProductDependency;
			package = FF94C2472BC757CB001B1881 /* XCRemoteSwiftPackageReference "firebase-ios-sdk" */;
			productName = FirebaseAuth;
		};
		FF94C24E2BC757CB001B1881 /* FirebaseCrashlytics */ = {
			isa = XCSwiftPackageProductDependency;
			package = FF94C2472BC757CB001B1881 /* XCRemoteSwiftPackageReference "firebase-ios-sdk" */;
			productName = FirebaseCrashlytics;
		};
/* End XCSwiftPackageProductDependency section */
	};
	rootObject = FFFD5F612BBF454900609018 /* Project object */;
}
